// !$*UTF8*$!
{
	archiveVersion = 1;
	classes = {
	};
	objectVersion = 46;
	objects = {

/* Begin PBXBuildFile section */
		2DC5E82F1F204446000E1C20 /* AppDelegate.swift in Sources */ = {isa = PBXBuildFile; fileRef = 2DC5E82E1F204446000E1C20 /* AppDelegate.swift */; };
		2DC5E8311F204446000E1C20 /* ViewController.swift in Sources */ = {isa = PBXBuildFile; fileRef = 2DC5E8301F204446000E1C20 /* ViewController.swift */; };
		2DC5E8331F204446000E1C20 /* Assets.xcassets in Resources */ = {isa = PBXBuildFile; fileRef = 2DC5E8321F204446000E1C20 /* Assets.xcassets */; };
		2DC5E8361F204447000E1C20 /* Main.storyboard in Resources */ = {isa = PBXBuildFile; fileRef = 2DC5E8341F204447000E1C20 /* Main.storyboard */; };
		2DC5E8401F20B6B2000E1C20 /* cow.caf in Resources */ = {isa = PBXBuildFile; fileRef = 2DC5E83F1F20B6B2000E1C20 /* cow.caf */; };
/* End PBXBuildFile section */

/* Begin PBXFileReference section */
		2DC5E82B1F204446000E1C20 /* CoreAudioIntroduction.app */ = {isa = PBXFileReference; explicitFileType = wrapper.application; includeInIndex = 0; path = CoreAudioIntroduction.app; sourceTree = BUILT_PRODUCTS_DIR; };
		2DC5E82E1F204446000E1C20 /* AppDelegate.swift */ = {isa = PBXFileReference; lastKnownFileType = sourcecode.swift; path = AppDelegate.swift; sourceTree = "<group>"; };
		2DC5E8301F204446000E1C20 /* ViewController.swift */ = {isa = PBXFileReference; lastKnownFileType = sourcecode.swift; path = ViewController.swift; sourceTree = "<group>"; };
		2DC5E8321F204446000E1C20 /* Assets.xcassets */ = {isa = PBXFileReference; lastKnownFileType = folder.assetcatalog; path = Assets.xcassets; sourceTree = "<group>"; };
		2DC5E8351F204447000E1C20 /* Base */ = {isa = PBXFileReference; lastKnownFileType = file.storyboard; name = Base; path = Base.lproj/Main.storyboard; sourceTree = "<group>"; };
		2DC5E8371F204447000E1C20 /* Info.plist */ = {isa = PBXFileReference; lastKnownFileType = text.plist.xml; path = Info.plist; sourceTree = "<group>"; };
		2DC5E83F1F20B6B2000E1C20 /* cow.caf */ = {isa = PBXFileReference; lastKnownFileType = file; path = cow.caf; sourceTree = "<group>"; };
/* End PBXFileReference section */

/* Begin PBXFrameworksBuildPhase section */
		2DC5E8281F204446000E1C20 /* Frameworks */ = {
			isa = PBXFrameworksBuildPhase;
			buildActionMask = 2147483647;
			files = (
			);
			runOnlyForDeploymentPostprocessing = 0;
		};
/* End PBXFrameworksBuildPhase section */

/* Begin PBXGroup section */
		2DC5E8221F204446000E1C20 = {
			isa = PBXGroup;
			children = (
				2DC5E82D1F204446000E1C20 /* CoreAudioIntroduction */,
				2DC5E82C1F204446000E1C20 /* Products */,
			);
			sourceTree = "<group>";
		};
		2DC5E82C1F204446000E1C20 /* Products */ = {
			isa = PBXGroup;
			children = (
				2DC5E82B1F204446000E1C20 /* CoreAudioIntroduction.app */,
			);
			name = Products;
			sourceTree = "<group>";
		};
		2DC5E82D1F204446000E1C20 /* CoreAudioIntroduction */ = {
			isa = PBXGroup;
			children = (
				2DC5E83F1F20B6B2000E1C20 /* cow.caf */,
				2DC5E82E1F204446000E1C20 /* AppDelegate.swift */,
				2DC5E8301F204446000E1C20 /* ViewController.swift */,
				2DC5E8321F204446000E1C20 /* Assets.xcassets */,
				2DC5E8341F204447000E1C20 /* Main.storyboard */,
				2DC5E8371F204447000E1C20 /* Info.plist */,
			);
			path = CoreAudioIntroduction;
			sourceTree = "<group>";
		};
/* End PBXGroup section */

/* Begin PBXNativeTarget section */
		2DC5E82A1F204446000E1C20 /* CoreAudioIntroduction */ = {
			isa = PBXNativeTarget;
			buildConfigurationList = 2DC5E83A1F204447000E1C20 /* Build configuration list for PBXNativeTarget "CoreAudioIntroduction" */;
			buildPhases = (
				2DC5E8271F204446000E1C20 /* Sources */,
				2DC5E8281F204446000E1C20 /* Frameworks */,
				2DC5E8291F204446000E1C20 /* Resources */,
			);
			buildRules = (
			);
			dependencies = (
			);
			name = CoreAudioIntroduction;
			productName = CoreAudioIntroduction;
			productReference = 2DC5E82B1F204446000E1C20 /* CoreAudioIntroduction.app */;
			productType = "com.apple.product-type.application";
		};
/* End PBXNativeTarget section */

/* Begin PBXProject section */
		2DC5E8231F204446000E1C20 /* Project object */ = {
			isa = PBXProject;
			attributes = {
				LastSwiftUpdateCheck = 0830;
				LastUpgradeCheck = 0830;
				ORGANIZATIONNAME = Shazam;
				TargetAttributes = {
					2DC5E82A1F204446000E1C20 = {
						CreatedOnToolsVersion = 8.3.2;
						DevelopmentTeam = Y8N7H3Q698;
						ProvisioningStyle = Automatic;
					};
				};
			};
			buildConfigurationList = 2DC5E8261F204446000E1C20 /* Build configuration list for PBXProject "CoreAudioIntroduction" */;
			compatibilityVersion = "Xcode 3.2";
			developmentRegion = English;
			hasScannedForEncodings = 0;
			knownRegions = (
				en,
				Base,
			);
			mainGroup = 2DC5E8221F204446000E1C20;
			productRefGroup = 2DC5E82C1F204446000E1C20 /* Products */;
			projectDirPath = "";
			projectRoot = "";
			targets = (
				2DC5E82A1F204446000E1C20 /* CoreAudioIntroduction */,
			);
		};
/* End PBXProject section */

/* Begin PBXResourcesBuildPhase section */
		2DC5E8291F204446000E1C20 /* Resources */ = {
			isa = PBXResourcesBuildPhase;
			buildActionMask = 2147483647;
			files = (
				2DC5E8401F20B6B2000E1C20 /* cow.caf in Resources */,
				2DC5E8331F204446000E1C20 /* Assets.xcassets in Resources */,
				2DC5E8361F204447000E1C20 /* Main.storyboard in Resources */,
			);
			runOnlyForDeploymentPostprocessing = 0;
		};
/* End PBXResourcesBuildPhase section */

/* Begin PBXSourcesBuildPhase section */
		2DC5E8271F204446000E1C20 /* Sources */ = {
			isa = PBXSourcesBuildPhase;
			buildActionMask = 2147483647;
			files = (
				2DC5E8311F204446000E1C20 /* ViewController.swift in Sources */,
				2DC5E82F1F204446000E1C20 /* AppDelegate.swift in Sources */,
			);
			runOnlyForDeploymentPostprocessing = 0;
		};
/* End PBXSourcesBuildPhase section */

/* Begin PBXVariantGroup section */
		2DC5E8341F204447000E1C20 /* Main.storyboard */ = {
			isa = PBXVariantGroup;
			children = (
				2DC5E8351F204447000E1C20 /* Base */,
			);
			name = Main.storyboard;
			sourceTree = "<group>";
		};
/* End PBXVariantGroup section */

/* Begin XCBuildConfiguration section */
		2DC5E8381F204447000E1C20 /* Debug */ = {
			isa = XCBuildConfiguration;
			buildSettings = {
				ALWAYS_SEARCH_USER_PATHS = NO;
				CLANG_ANALYZER_NONNULL = YES;
				CLANG_ANALYZER_NUMBER_OBJECT_CONVERSION = YES_AGGRESSIVE;
				CLANG_CXX_LANGUAGE_STANDARD = "gnu++0x";
				CLANG_CXX_LIBRARY = "libc++";
				CLANG_ENABLE_MODULES = YES;
				CLANG_ENABLE_OBJC_ARC = YES;
				CLANG_WARN_BOOL_CONVERSION = YES;
				CLANG_WARN_CONSTANT_CONVERSION = YES;
				CLANG_WARN_DIRECT_OBJC_ISA_USAGE = YES_ERROR;
				CLANG_WARN_DOCUMENTATION_COMMENTS = YES;
				CLANG_WARN_EMPTY_BODY = YES;
				CLANG_WARN_ENUM_CONVERSION = YES;
				CLANG_WARN_INFINITE_RECURSION = YES;
				CLANG_WARN_INT_CONVERSION = YES;
				CLANG_WARN_OBJC_ROOT_CLASS = YES_ERROR;
				CLANG_WARN_SUSPICIOUS_MOVE = YES;
				CLANG_WARN_UNREACHABLE_CODE = YES;
				CLANG_WARN__DUPLICATE_METHOD_MATCH = YES;
				CODE_SIGN_IDENTITY = "-";
				COPY_PHASE_STRIP = NO;
				DEBUG_INFORMATION_FORMAT = dwarf;
				ENABLE_STRICT_OBJC_MSGSEND = YES;
				ENABLE_TESTABILITY = YES;
				GCC_C_LANGUAGE_STANDARD = gnu99;
				GCC_DYNAMIC_NO_PIC = NO;
				GCC_NO_COMMON_BLOCKS = YES;
				GCC_OPTIMIZATION_LEVEL = 0;
				GCC_PREPROCESSOR_DEFINITIONS = (
					"DEBUG=1",
					"$(inherited)",
				);
				GCC_WARN_64_TO_32_BIT_CONVERSION = YES;
				GCC_WARN_ABOUT_RETURN_TYPE = YES_ERROR;
				GCC_WARN_UNDECLARED_SELECTOR = YES;
				GCC_WARN_UNINITIALIZED_AUTOS = YES_AGGRESSIVE;
				GCC_WARN_UNUSED_FUNCTION = YES;
				GCC_WARN_UNUSED_VARIABLE = YES;
				MACOSX_DEPLOYMENT_TARGET = 10.12;
				MTL_ENABLE_DEBUG_INFO = YES;
				ONLY_ACTIVE_ARCH = YES;
				SDKROOT = macosx;
				SWIFT_ACTIVE_COMPILATION_CONDITIONS = DEBUG;
				SWIFT_OPTIMIZATION_LEVEL = "-Onone";
			};
			name = Debug;
		};
		2DC5E8391F204447000E1C20 /* Release */ = {
			isa = XCBuildConfiguration;
			buildSettings = {
				ALWAYS_SEARCH_USER_PATHS = NO;
				CLANG_ANALYZER_NONNULL = YES;
				CLANG_ANALYZER_NUMBER_OBJECT_CONVERSION = YES_AGGRESSIVE;
				CLANG_CXX_LANGUAGE_STANDARD = "gnu++0x";
				CLANG_CXX_LIBRARY = "libc++";
				CLANG_ENABLE_MODULES = YES;
				CLANG_ENABLE_OBJC_ARC = YES;
				CLANG_WARN_BOOL_CONVERSION = YES;
				CLANG_WARN_CONSTANT_CONVERSION = YES;
				CLANG_WARN_DIRECT_OBJC_ISA_USAGE = YES_ERROR;
				CLANG_WARN_DOCUMENTATION_COMMENTS = YES;
				CLANG_WARN_EMPTY_BODY = YES;
				CLANG_WARN_ENUM_CONVERSION = YES;
				CLANG_WARN_INFINITE_RECURSION = YES;
				CLANG_WARN_INT_CONVERSION = YES;
				CLANG_WARN_OBJC_ROOT_CLASS = YES_ERROR;
				CLANG_WARN_SUSPICIOUS_MOVE = YES;
				CLANG_WARN_UNREACHABLE_CODE = YES;
				CLANG_WARN__DUPLICATE_METHOD_MATCH = YES;
				CODE_SIGN_IDENTITY = "-";
				COPY_PHASE_STRIP = NO;
				DEBUG_INFORMATION_FORMAT = "dwarf-with-dsym";
				ENABLE_NS_ASSERTIONS = NO;
				ENABLE_STRICT_OBJC_MSGSEND = YES;
				GCC_C_LANGUAGE_STANDARD = gnu99;
				GCC_NO_COMMON_BLOCKS = YES;
				GCC_WARN_64_TO_32_BIT_CONVERSION = YES;
				GCC_WARN_ABOUT_RETURN_TYPE = YES_ERROR;
				GCC_WARN_UNDECLARED_SELECTOR = YES;
				GCC_WARN_UNINITIALIZED_AUTOS = YES_AGGRESSIVE;
				GCC_WARN_UNUSED_FUNCTION = YES;
				GCC_WARN_UNUSED_VARIABLE = YES;
				MACOSX_DEPLOYMENT_TARGET = 10.12;
				MTL_ENABLE_DEBUG_INFO = NO;
				SDKROOT = macosx;
				SWIFT_OPTIMIZATION_LEVEL = "-Owholemodule";
			};
			name = Release;
		};
		2DC5E83B1F204447000E1C20 /* Debug */ = {
			isa = XCBuildConfiguration;
			buildSettings = {
				ASSETCATALOG_COMPILER_APPICON_NAME = AppIcon;
				COMBINE_HIDPI_IMAGES = YES;
				DEVELOPMENT_TEAM = Y8N7H3Q698;
				INFOPLIST_FILE = CoreAudioIntroduction/Info.plist;
				LD_RUNPATH_SEARCH_PATHS = "$(inherited) @executable_path/../Frameworks";
				PRODUCT_BUNDLE_IDENTIFIER = com.Shazam.CoreAudioIntroduction;
				PRODUCT_NAME = "$(TARGET_NAME)";
				SWIFT_VERSION = 3.0;
			};
			name = Debug;
		};
		2DC5E83C1F204447000E1C20 /* Release */ = {
			isa = XCBuildConfiguration;
			buildSettings = {
				ASSETCATALOG_COMPILER_APPICON_NAME = AppIcon;
				COMBINE_HIDPI_IMAGES = YES;
				DEVELOPMENT_TEAM = Y8N7H3Q698;
				INFOPLIST_FILE = CoreAudioIntroduction/Info.plist;
				LD_RUNPATH_SEARCH_PATHS = "$(inherited) @executable_path/../Frameworks";
				PRODUCT_BUNDLE_IDENTIFIER = com.Shazam.CoreAudioIntroduction;
				PRODUCT_NAME = "$(TARGET_NAME)";
				SWIFT_VERSION = 3.0;
			};
			name = Release;
		};
/* End XCBuildConfiguration section */

/* Begin XCConfigurationList section */
		2DC5E8261F204446000E1C20 /* Build configuration list for PBXProject "CoreAudioIntroduction" */ = {
			isa = XCConfigurationList;
			buildConfigurations = (
				2DC5E8381F204447000E1C20 /* Debug */,
				2DC5E8391F204447000E1C20 /* Release */,
			);
			defaultConfigurationIsVisible = 0;
			defaultConfigurationName = Release;
		};
		2DC5E83A1F204447000E1C20 /* Build configuration list for PBXNativeTarget "CoreAudioIntroduction" */ = {
			isa = XCConfigurationList;
			buildConfigurations = (
				2DC5E83B1F204447000E1C20 /* Debug */,
				2DC5E83C1F204447000E1C20 /* Release */,
			);
			defaultConfigurationIsVisible = 0;
		};
/* End XCConfigurationList section */
	};
	rootObject = 2DC5E8231F204446000E1C20 /* Project object */;
}
